// !$*UTF8*$!
{
	archiveVersion = 1;
	classes = {
	};
	objectVersion = 55;
	objects = {

/* Begin PBXBuildFile section */
		6E7285EC27E4BFB30065BA06 /* Animal_shelter_Swift_UIApp.swift in Sources */ = {isa = PBXBuildFile; fileRef = 6E7285EB27E4BFB30065BA06 /* Animal_shelter_Swift_UIApp.swift */; };
		6E7285EE27E4BFB30065BA06 /* OwnerList.swift in Sources */ = {isa = PBXBuildFile; fileRef = 6E7285ED27E4BFB30065BA06 /* OwnerList.swift */; };
		6E7285F327E4BFB50065BA06 /* Preview Assets.xcassets in Resources */ = {isa = PBXBuildFile; fileRef = 6E7285F227E4BFB50065BA06 /* Preview Assets.xcassets */; };
		6E7285FA27E4C2780065BA06 /* TopView.swift in Sources */ = {isa = PBXBuildFile; fileRef = 6E7285F927E4C2780065BA06 /* TopView.swift */; };
		6E7285FC27E4C90D0065BA06 /* Cell.swift in Sources */ = {isa = PBXBuildFile; fileRef = 6E7285FB27E4C90D0065BA06 /* Cell.swift */; };
		6E7285FE27E4CCE90065BA06 /* ownerModelData.json in Resources */ = {isa = PBXBuildFile; fileRef = 6E7285FD27E4CCE90065BA06 /* ownerModelData.json */; };
		6E72860027E4CDAF0065BA06 /* OwnerModel.swift in Sources */ = {isa = PBXBuildFile; fileRef = 6E7285FF27E4CDAF0065BA06 /* OwnerModel.swift */; };
		6E72860227E4CE740065BA06 /* Data.swift in Sources */ = {isa = PBXBuildFile; fileRef = 6E72860127E4CE740065BA06 /* Data.swift */; };
		6E72860727E887340065BA06 /* AnimalHomePage.swift in Sources */ = {isa = PBXBuildFile; fileRef = 6E72860627E887340065BA06 /* AnimalHomePage.swift */; };
		6E72860927E8895C0065BA06 /* AnimalModel.swift in Sources */ = {isa = PBXBuildFile; fileRef = 6E72860827E8895C0065BA06 /* AnimalModel.swift */; };
		6E72860B27E88ADF0065BA06 /* animalsModelData.json in Resources */ = {isa = PBXBuildFile; fileRef = 6E72860A27E88ADE0065BA06 /* animalsModelData.json */; };
		6E72860D27E8E1410065BA06 /* AnimalRow.swift in Sources */ = {isa = PBXBuildFile; fileRef = 6E72860C27E8E1410065BA06 /* AnimalRow.swift */; };
		6E72861127E8EE5C0065BA06 /* AnimalItem.swift in Sources */ = {isa = PBXBuildFile; fileRef = 6E72861027E8EE5C0065BA06 /* AnimalItem.swift */; };
		6E72861327E8F11B0065BA06 /* Assets.xcassets in Resources */ = {isa = PBXBuildFile; fileRef = 6E72861227E8F11B0065BA06 /* Assets.xcassets */; };
		6E7C338B27E9D4A100788D3B /* DetailScreen.swift in Sources */ = {isa = PBXBuildFile; fileRef = 6E7C338A27E9D4A100788D3B /* DetailScreen.swift */; };
/* End PBXBuildFile section */

/* Begin PBXFileReference section */
		6E7285E827E4BFB30065BA06 /* Animal shelter Swift UI.app */ = {isa = PBXFileReference; explicitFileType = wrapper.application; includeInIndex = 0; path = "Animal shelter Swift UI.app"; sourceTree = BUILT_PRODUCTS_DIR; };
		6E7285EB27E4BFB30065BA06 /* Animal_shelter_Swift_UIApp.swift */ = {isa = PBXFileReference; lastKnownFileType = sourcecode.swift; path = Animal_shelter_Swift_UIApp.swift; sourceTree = "<group>"; };
		6E7285ED27E4BFB30065BA06 /* OwnerList.swift */ = {isa = PBXFileReference; lastKnownFileType = sourcecode.swift; path = OwnerList.swift; sourceTree = "<group>"; };
		6E7285F227E4BFB50065BA06 /* Preview Assets.xcassets */ = {isa = PBXFileReference; lastKnownFileType = folder.assetcatalog; path = "Preview Assets.xcassets"; sourceTree = "<group>"; };
		6E7285F927E4C2780065BA06 /* TopView.swift */ = {isa = PBXFileReference; lastKnownFileType = sourcecode.swift; path = TopView.swift; sourceTree = "<group>"; };
		6E7285FB27E4C90D0065BA06 /* Cell.swift */ = {isa = PBXFileReference; lastKnownFileType = sourcecode.swift; path = Cell.swift; sourceTree = "<group>"; };
		6E7285FD27E4CCE90065BA06 /* ownerModelData.json */ = {isa = PBXFileReference; fileEncoding = 4; lastKnownFileType = text.json; path = ownerModelData.json; sourceTree = "<group>"; };
		6E7285FF27E4CDAF0065BA06 /* OwnerModel.swift */ = {isa = PBXFileReference; lastKnownFileType = sourcecode.swift; path = OwnerModel.swift; sourceTree = "<group>"; };
		6E72860127E4CE740065BA06 /* Data.swift */ = {isa = PBXFileReference; lastKnownFileType = sourcecode.swift; path = Data.swift; sourceTree = "<group>"; };
		6E72860627E887340065BA06 /* AnimalHomePage.swift */ = {isa = PBXFileReference; lastKnownFileType = sourcecode.swift; path = AnimalHomePage.swift; sourceTree = "<group>"; };
		6E72860827E8895C0065BA06 /* AnimalModel.swift */ = {isa = PBXFileReference; lastKnownFileType = sourcecode.swift; path = AnimalModel.swift; sourceTree = "<group>"; };
		6E72860A27E88ADE0065BA06 /* animalsModelData.json */ = {isa = PBXFileReference; fileEncoding = 4; lastKnownFileType = text.json; path = animalsModelData.json; sourceTree = "<group>"; };
		6E72860C27E8E1410065BA06 /* AnimalRow.swift */ = {isa = PBXFileReference; lastKnownFileType = sourcecode.swift; path = AnimalRow.swift; sourceTree = "<group>"; };
		6E72861027E8EE5C0065BA06 /* AnimalItem.swift */ = {isa = PBXFileReference; lastKnownFileType = sourcecode.swift; path = AnimalItem.swift; sourceTree = "<group>"; };
		6E72861227E8F11B0065BA06 /* Assets.xcassets */ = {isa = PBXFileReference; lastKnownFileType = folder.assetcatalog; path = Assets.xcassets; sourceTree = "<group>"; };
		6E7C338A27E9D4A100788D3B /* DetailScreen.swift */ = {isa = PBXFileReference; lastKnownFileType = sourcecode.swift; path = DetailScreen.swift; sourceTree = "<group>"; };
/* End PBXFileReference section */

/* Begin PBXFrameworksBuildPhase section */
		6E7285E527E4BFB30065BA06 /* Frameworks */ = {
			isa = PBXFrameworksBuildPhase;
			buildActionMask = 2147483647;
			files = (
			);
			runOnlyForDeploymentPostprocessing = 0;
		};
/* End PBXFrameworksBuildPhase section */

/* Begin PBXGroup section */
		6E7285DF27E4BFB30065BA06 = {
			isa = PBXGroup;
			children = (
				6E7285EA27E4BFB30065BA06 /* Animal shelter Swift UI */,
				6E7285E927E4BFB30065BA06 /* Products */,
			);
			sourceTree = "<group>";
		};
		6E7285E927E4BFB30065BA06 /* Products */ = {
			isa = PBXGroup;
			children = (
				6E7285E827E4BFB30065BA06 /* Animal shelter Swift UI.app */,
			);
			name = Products;
			sourceTree = "<group>";
		};
		6E7285EA27E4BFB30065BA06 /* Animal shelter Swift UI */ = {
			isa = PBXGroup;
			children = (
				6E7285EB27E4BFB30065BA06 /* Animal_shelter_Swift_UIApp.swift */,
				6E7C338827E9D44B00788D3B /* AnimalHomePage */,
				6E72860327E884590065BA06 /* OwnerList */,
				6E7C338927E9D48E00788D3B /* Detail */,
				6E72860427E8848C0065BA06 /* Model */,
				6E72860527E884A30065BA06 /* Resourses */,
				6E7285F127E4BFB50065BA06 /* Preview Content */,
			);
			path = "Animal shelter Swift UI";
			sourceTree = "<group>";
		};
		6E7285F127E4BFB50065BA06 /* Preview Content */ = {
			isa = PBXGroup;
			children = (
				6E7285F227E4BFB50065BA06 /* Preview Assets.xcassets */,
				6E72861227E8F11B0065BA06 /* Assets.xcassets */,
			);
			path = "Preview Content";
			sourceTree = "<group>";
		};
		6E72860327E884590065BA06 /* OwnerList */ = {
			isa = PBXGroup;
			children = (
				6E7285ED27E4BFB30065BA06 /* OwnerList.swift */,
				6E7285F927E4C2780065BA06 /* TopView.swift */,
				6E7285FB27E4C90D0065BA06 /* Cell.swift */,
			);
			path = OwnerList;
			sourceTree = "<group>";
		};
		6E72860427E8848C0065BA06 /* Model */ = {
			isa = PBXGroup;
			children = (
				6E72860827E8895C0065BA06 /* AnimalModel.swift */,
				6E7285FF27E4CDAF0065BA06 /* OwnerModel.swift */,
				6E72860127E4CE740065BA06 /* Data.swift */,
			);
			path = Model;
			sourceTree = "<group>";
		};
		6E72860527E884A30065BA06 /* Resourses */ = {
			isa = PBXGroup;
			children = (
				6E7285FD27E4CCE90065BA06 /* ownerModelData.json */,
				6E72860A27E88ADE0065BA06 /* animalsModelData.json */,
			);
			path = Resourses;
			sourceTree = "<group>";
		};
		6E7C338827E9D44B00788D3B /* AnimalHomePage */ = {
			isa = PBXGroup;
			children = (
				6E72860627E887340065BA06 /* AnimalHomePage.swift */,
				6E72860C27E8E1410065BA06 /* AnimalRow.swift */,
				6E72861027E8EE5C0065BA06 /* AnimalItem.swift */,
			);
			path = AnimalHomePage;
			sourceTree = "<group>";
		};
		6E7C338927E9D48E00788D3B /* Detail */ = {
			isa = PBXGroup;
			children = (
				6E7C338A27E9D4A100788D3B /* DetailScreen.swift */,
			);
			path = Detail;
			sourceTree = "<group>";
		};
/* End PBXGroup section */

/* Begin PBXNativeTarget section */
		6E7285E727E4BFB30065BA06 /* Animal shelter Swift UI */ = {
			isa = PBXNativeTarget;
			buildConfigurationList = 6E7285F627E4BFB50065BA06 /* Build configuration list for PBXNativeTarget "Animal shelter Swift UI" */;
			buildPhases = (
				6E7285E427E4BFB30065BA06 /* Sources */,
				6E7285E527E4BFB30065BA06 /* Frameworks */,
				6E7285E627E4BFB30065BA06 /* Resources */,
			);
			buildRules = (
			);
			dependencies = (
			);
			name = "Animal shelter Swift UI";
			productName = "Animal shelter Swift UI";
			productReference = 6E7285E827E4BFB30065BA06 /* Animal shelter Swift UI.app */;
			productType = "com.apple.product-type.application";
		};
/* End PBXNativeTarget section */

/* Begin PBXProject section */
		6E7285E027E4BFB30065BA06 /* Project object */ = {
			isa = PBXProject;
			attributes = {
				BuildIndependentTargetsInParallel = 1;
				LastSwiftUpdateCheck = 1320;
				LastUpgradeCheck = 1320;
				TargetAttributes = {
					6E7285E727E4BFB30065BA06 = {
						CreatedOnToolsVersion = 13.2.1;
					};
				};
			};
			buildConfigurationList = 6E7285E327E4BFB30065BA06 /* Build configuration list for PBXProject "Animal shelter Swift UI" */;
			compatibilityVersion = "Xcode 13.0";
			developmentRegion = en;
			hasScannedForEncodings = 0;
			knownRegions = (
				en,
				Base,
			);
			mainGroup = 6E7285DF27E4BFB30065BA06;
			productRefGroup = 6E7285E927E4BFB30065BA06 /* Products */;
			projectDirPath = "";
			projectRoot = "";
			targets = (
				6E7285E727E4BFB30065BA06 /* Animal shelter Swift UI */,
			);
		};
/* End PBXProject section */

/* Begin PBXResourcesBuildPhase section */
		6E7285E627E4BFB30065BA06 /* Resources */ = {
			isa = PBXResourcesBuildPhase;
			buildActionMask = 2147483647;
			files = (
				6E72860B27E88ADF0065BA06 /* animalsModelData.json in Resources */,
				6E7285FE27E4CCE90065BA06 /* ownerModelData.json in Resources */,
				6E72861327E8F11B0065BA06 /* Assets.xcassets in Resources */,
				6E7285F327E4BFB50065BA06 /* Preview Assets.xcassets in Resources */,
			);
			runOnlyForDeploymentPostprocessing = 0;
		};
/* End PBXResourcesBuildPhase section */

/* Begin PBXSourcesBuildPhase section */
		6E7285E427E4BFB30065BA06 /* Sources */ = {
			isa = PBXSourcesBuildPhase;
			buildActionMask = 2147483647;
			files = (
				6E7285EE27E4BFB30065BA06 /* OwnerList.swift in Sources */,
				6E72860727E887340065BA06 /* AnimalHomePage.swift in Sources */,
				6E72860027E4CDAF0065BA06 /* OwnerModel.swift in Sources */,
				6E72860227E4CE740065BA06 /* Data.swift in Sources */,
				6E72861127E8EE5C0065BA06 /* AnimalItem.swift in Sources */,
				6E72860D27E8E1410065BA06 /* AnimalRow.swift in Sources */,
				6E7285FC27E4C90D0065BA06 /* Cell.swift in Sources */,
				6E7285FA27E4C2780065BA06 /* TopView.swift in Sources */,
				6E7285EC27E4BFB30065BA06 /* Animal_shelter_Swift_UIApp.swift in Sources */,
				6E7C338B27E9D4A100788D3B /* DetailScreen.swift in Sources */,
				6E72860927E8895C0065BA06 /* AnimalModel.swift in Sources */,
			);
			runOnlyForDeploymentPostprocessing = 0;
		};
/* End PBXSourcesBuildPhase section */

/* Begin XCBuildConfiguration section */
		6E7285F427E4BFB50065BA06 /* Debug */ = {
			isa = XCBuildConfiguration;
			buildSettings = {
				ALWAYS_SEARCH_USER_PATHS = NO;
				CLANG_ANALYZER_NONNULL = YES;
				CLANG_ANALYZER_NUMBER_OBJECT_CONVERSION = YES_AGGRESSIVE;
				CLANG_CXX_LANGUAGE_STANDARD = "gnu++17";
				CLANG_CXX_LIBRARY = "libc++";
				CLANG_ENABLE_MODULES = YES;
				CLANG_ENABLE_OBJC_ARC = YES;
				CLANG_ENABLE_OBJC_WEAK = YES;
				CLANG_WARN_BLOCK_CAPTURE_AUTORELEASING = YES;
				CLANG_WARN_BOOL_CONVERSION = YES;
				CLANG_WARN_COMMA = YES;
				CLANG_WARN_CONSTANT_CONVERSION = YES;
				CLANG_WARN_DEPRECATED_OBJC_IMPLEMENTATIONS = YES;
				CLANG_WARN_DIRECT_OBJC_ISA_USAGE = YES_ERROR;
				CLANG_WARN_DOCUMENTATION_COMMENTS = YES;
				CLANG_WARN_EMPTY_BODY = YES;
				CLANG_WARN_ENUM_CONVERSION = YES;
				CLANG_WARN_INFINITE_RECURSION = YES;
				CLANG_WARN_INT_CONVERSION = YES;
				CLANG_WARN_NON_LITERAL_NULL_CONVERSION = YES;
				CLANG_WARN_OBJC_IMPLICIT_RETAIN_SELF = YES;
				CLANG_WARN_OBJC_LITERAL_CONVERSION = YES;
				CLANG_WARN_OBJC_ROOT_CLASS = YES_ERROR;
				CLANG_WARN_QUOTED_INCLUDE_IN_FRAMEWORK_HEADER = YES;
				CLANG_WARN_RANGE_LOOP_ANALYSIS = YES;
				CLANG_WARN_STRICT_PROTOTYPES = YES;
				CLANG_WARN_SUSPICIOUS_MOVE = YES;
				CLANG_WARN_UNGUARDED_AVAILABILITY = YES_AGGRESSIVE;
				CLANG_WARN_UNREACHABLE_CODE = YES;
				CLANG_WARN__DUPLICATE_METHOD_MATCH = YES;
				COPY_PHASE_STRIP = NO;
				DEBUG_INFORMATION_FORMAT = dwarf;
				ENABLE_STRICT_OBJC_MSGSEND = YES;
				ENABLE_TESTABILITY = YES;
				GCC_C_LANGUAGE_STANDARD = gnu11;
				GCC_DYNAMIC_NO_PIC = NO;
				GCC_NO_COMMON_BLOCKS = YES;
				GCC_OPTIMIZATION_LEVEL = 0;
				GCC_PREPROCESSOR_DEFINITIONS = (
					"DEBUG=1",
					"$(inherited)",
				);
				GCC_WARN_64_TO_32_BIT_CONVERSION = YES;
				GCC_WARN_ABOUT_RETURN_TYPE = YES_ERROR;
				GCC_WARN_UNDECLARED_SELECTOR = YES;
				GCC_WARN_UNINITIALIZED_AUTOS = YES_AGGRESSIVE;
				GCC_WARN_UNUSED_FUNCTION = YES;
				GCC_WARN_UNUSED_VARIABLE = YES;
				IPHONEOS_DEPLOYMENT_TARGET = 15.2;
				MTL_ENABLE_DEBUG_INFO = INCLUDE_SOURCE;
				MTL_FAST_MATH = YES;
				ONLY_ACTIVE_ARCH = YES;
				SDKROOT = iphoneos;
				SWIFT_ACTIVE_COMPILATION_CONDITIONS = DEBUG;
				SWIFT_OPTIMIZATION_LEVEL = "-Onone";
			};
			name = Debug;
		};
		6E7285F527E4BFB50065BA06 /* Release */ = {
			isa = XCBuildConfiguration;
			buildSettings = {
				ALWAYS_SEARCH_USER_PATHS = NO;
				CLANG_ANALYZER_NONNULL = YES;
				CLANG_ANALYZER_NUMBER_OBJECT_CONVERSION = YES_AGGRESSIVE;
				CLANG_CXX_LANGUAGE_STANDARD = "gnu++17";
				CLANG_CXX_LIBRARY = "libc++";
				CLANG_ENABLE_MODULES = YES;
				CLANG_ENABLE_OBJC_ARC = YES;
				CLANG_ENABLE_OBJC_WEAK = YES;
				CLANG_WARN_BLOCK_CAPTURE_AUTORELEASING = YES;
				CLANG_WARN_BOOL_CONVERSION = YES;
				CLANG_WARN_COMMA = YES;
				CLANG_WARN_CONSTANT_CONVERSION = YES;
				CLANG_WARN_DEPRECATED_OBJC_IMPLEMENTATIONS = YES;
				CLANG_WARN_DIRECT_OBJC_ISA_USAGE = YES_ERROR;
				CLANG_WARN_DOCUMENTATION_COMMENTS = YES;
				CLANG_WARN_EMPTY_BODY = YES;
				CLANG_WARN_ENUM_CONVERSION = YES;
				CLANG_WARN_INFINITE_RECURSION = YES;
				CLANG_WARN_INT_CONVERSION = YES;
				CLANG_WARN_NON_LITERAL_NULL_CONVERSION = YES;
				CLANG_WARN_OBJC_IMPLICIT_RETAIN_SELF = YES;
				CLANG_WARN_OBJC_LITERAL_CONVERSION = YES;
				CLANG_WARN_OBJC_ROOT_CLASS = YES_ERROR;
				CLANG_WARN_QUOTED_INCLUDE_IN_FRAMEWORK_HEADER = YES;
				CLANG_WARN_RANGE_LOOP_ANALYSIS = YES;
				CLANG_WARN_STRICT_PROTOTYPES = YES;
				CLANG_WARN_SUSPICIOUS_MOVE = YES;
				CLANG_WARN_UNGUARDED_AVAILABILITY = YES_AGGRESSIVE;
				CLANG_WARN_UNREACHABLE_CODE = YES;
				CLANG_WARN__DUPLICATE_METHOD_MATCH = YES;
				COPY_PHASE_STRIP = NO;
				DEBUG_INFORMATION_FORMAT = "dwarf-with-dsym";
				ENABLE_NS_ASSERTIONS = NO;
				ENABLE_STRICT_OBJC_MSGSEND = YES;
				GCC_C_LANGUAGE_STANDARD = gnu11;
				GCC_NO_COMMON_BLOCKS = YES;
				GCC_WARN_64_TO_32_BIT_CONVERSION = YES;
				GCC_WARN_ABOUT_RETURN_TYPE = YES_ERROR;
				GCC_WARN_UNDECLARED_SELECTOR = YES;
				GCC_WARN_UNINITIALIZED_AUTOS = YES_AGGRESSIVE;
				GCC_WARN_UNUSED_FUNCTION = YES;
				GCC_WARN_UNUSED_VARIABLE = YES;
				IPHONEOS_DEPLOYMENT_TARGET = 15.2;
				MTL_ENABLE_DEBUG_INFO = NO;
				MTL_FAST_MATH = YES;
				SDKROOT = iphoneos;
				SWIFT_COMPILATION_MODE = wholemodule;
				SWIFT_OPTIMIZATION_LEVEL = "-O";
				VALIDATE_PRODUCT = YES;
			};
			name = Release;
		};
		6E7285F727E4BFB50065BA06 /* Debug */ = {
			isa = XCBuildConfiguration;
			buildSettings = {
				ASSETCATALOG_COMPILER_GLOBAL_ACCENT_COLOR_NAME = AccentColor;
				CODE_SIGN_STYLE = Automatic;
				CURRENT_PROJECT_VERSION = 1;
				DEVELOPMENT_ASSET_PATHS = "Animal\\ shelter\\ Swift\\ UI/Preview\\ Content";
				DEVELOPMENT_TEAM = NHUDCP2K7S;
				ENABLE_PREVIEWS = YES;
				GENERATE_INFOPLIST_FILE = YES;
				INFOPLIST_KEY_UIApplicationSceneManifest_Generation = YES;
				INFOPLIST_KEY_UIApplicationSupportsIndirectInputEvents = YES;
				INFOPLIST_KEY_UILaunchScreen_Generation = YES;
				INFOPLIST_KEY_UILaunchStoryboardName = e;
				INFOPLIST_KEY_UISupportedInterfaceOrientations_iPad = "UIInterfaceOrientationPortrait UIInterfaceOrientationPortraitUpsideDown UIInterfaceOrientationLandscapeLeft UIInterfaceOrientationLandscapeRight";
				INFOPLIST_KEY_UISupportedInterfaceOrientations_iPhone = "UIInterfaceOrientationPortrait UIInterfaceOrientationLandscapeLeft UIInterfaceOrientationLandscapeRight";
				LD_RUNPATH_SEARCH_PATHS = (
					"$(inherited)",
					"@executable_path/Frameworks",
				);
				MARKETING_VERSION = 1.0;
				PRODUCT_BUNDLE_IDENTIFIER = "ValentinaLuchinovich.Animal-shelter-Swift-UI";
				PRODUCT_NAME = "$(TARGET_NAME)";
				SWIFT_EMIT_LOC_STRINGS = YES;
				SWIFT_VERSION = 5.0;
				TARGETED_DEVICE_FAMILY = "1,2";
			};
			name = Debug;
		};
		6E7285F827E4BFB50065BA06 /* Release */ = {
			isa = XCBuildConfiguration;
			buildSettings = {
				ASSETCATALOG_COMPILER_GLOBAL_ACCENT_COLOR_NAME = AccentColor;
				CODE_SIGN_STYLE = Automatic;
				CURRENT_PROJECT_VERSION = 1;
				DEVELOPMENT_ASSET_PATHS = "Animal\\ shelter\\ Swift\\ UI/Preview\\ Content";
				DEVELOPMENT_TEAM = NHUDCP2K7S;
				ENABLE_PREVIEWS = YES;
				GENERATE_INFOPLIST_FILE = YES;
				INFOPLIST_KEY_UIApplicationSceneManifest_Generation = YES;
				INFOPLIST_KEY_UIApplicationSupportsIndirectInputEvents = YES;
				INFOPLIST_KEY_UILaunchScreen_Generation = YES;
				INFOPLIST_KEY_UILaunchStoryboardName = e;
				INFOPLIST_KEY_UISupportedInterfaceOrientations_iPad = "UIInterfaceOrientationPortrait UIInterfaceOrientationPortraitUpsideDown UIInterfaceOrientationLandscapeLeft UIInterfaceOrientationLandscapeRight";
				INFOPLIST_KEY_UISupportedInterfaceOrientations_iPhone = "UIInterfaceOrientationPortrait UIInterfaceOrientationLandscapeLeft UIInterfaceOrientationLandscapeRight";
				LD_RUNPATH_SEARCH_PATHS = (
					"$(inherited)",
					"@executable_path/Frameworks",
				);
				MARKETING_VERSION = 1.0;
				PRODUCT_BUNDLE_IDENTIFIER = "ValentinaLuchinovich.Animal-shelter-Swift-UI";
				PRODUCT_NAME = "$(TARGET_NAME)";
				SWIFT_EMIT_LOC_STRINGS = YES;
				SWIFT_VERSION = 5.0;
				TARGETED_DEVICE_FAMILY = "1,2";
			};
			name = Release;
		};
/* End XCBuildConfiguration section */

/* Begin XCConfigurationList section */
		6E7285E327E4BFB30065BA06 /* Build configuration list for PBXProject "Animal shelter Swift UI" */ = {
			isa = XCConfigurationList;
			buildConfigurations = (
				6E7285F427E4BFB50065BA06 /* Debug */,
				6E7285F527E4BFB50065BA06 /* Release */,
			);
			defaultConfigurationIsVisible = 0;
			defaultConfigurationName = Release;
		};
		6E7285F627E4BFB50065BA06 /* Build configuration list for PBXNativeTarget "Animal shelter Swift UI" */ = {
			isa = XCConfigurationList;
			buildConfigurations = (
				6E7285F727E4BFB50065BA06 /* Debug */,
				6E7285F827E4BFB50065BA06 /* Release */,
			);
			defaultConfigurationIsVisible = 0;
			defaultConfigurationName = Release;
		};
/* End XCConfigurationList section */
	};
	rootObject = 6E7285E027E4BFB30065BA06 /* Project object */;
}
